
Microsoft Visual Studio Solution File, Format Version 12.00
# Visual Studio 2012
Project("{FAE04EC0-301F-11D3-BF4B-00C04F79EFBC}") = "WindzorPluginLast", "WindzorPluginLast\WindzorPluginLast.csproj", "{B3FECC5F-D2F1-4BA8-9B25-3EBFA8448CAA}"
EndProject
Global
	GlobalSection(CRMSolutionProperties) = preSolution
		SolutionIsBoundToCRM = True
	EndGlobalSection
	GlobalSection(SolutionConfigurationPlatforms) = preSolution
		Debug|Any CPU = Debug|Any CPU
		Release|Any CPU = Release|Any CPU
	EndGlobalSection
	GlobalSection(ProjectConfigurationPlatforms) = postSolution
		{B3FECC5F-D2F1-4BA8-9B25-3EBFA8448CAA}.Debug|Any CPU.ActiveCfg = Debug|Any CPU
		{B3FECC5F-D2F1-4BA8-9B25-3EBFA8448CAA}.Debug|Any CPU.Build.0 = Debug|Any CPU
		{B3FECC5F-D2F1-4BA8-9B25-3EBFA8448CAA}.Release|Any CPU.ActiveCfg = Release|Any CPU
		{B3FECC5F-D2F1-4BA8-9B25-3EBFA8448CAA}.Release|Any CPU.Build.0 = Release|Any CPU
	EndGlobalSection
	GlobalSection(SolutionProperties) = preSolution
		HideSolutionNode = FALSE
	EndGlobalSection
EndGlobal
